
Microsoft Visual Studio Solution File, Format Version 12.00
# Visual Studio Version 17
VisualStudioVersion = 17.10.34928.147
MinimumVisualStudioVersion = 10.0.40219.1
Project("{FAE04EC0-301F-11D3-BF4B-00C04F79EFBC}") = "HomeWork23", "HomeWork22\HomeWork23.csproj", "{6DB58FD8-5B95-4F27-9DDC-B4F75463F6DB}"
EndProject
Global
	GlobalSection(SolutionConfigurationPlatforms) = preSolution
		Debug|Any CPU = Debug|Any CPU
		Release|Any CPU = Release|Any CPU
	EndGlobalSection
	GlobalSection(ProjectConfigurationPlatforms) = postSolution
		{6DB58FD8-5B95-4F27-9DDC-B4F75463F6DB}.Debug|Any CPU.ActiveCfg = Debug|Any CPU
		{6DB58FD8-5B95-4F27-9DDC-B4F75463F6DB}.Debug|Any CPU.Build.0 = Debug|Any CPU
		{6DB58FD8-5B95-4F27-9DDC-B4F75463F6DB}.Release|Any CPU.ActiveCfg = Release|Any CPU
		{6DB58FD8-5B95-4F27-9DDC-B4F75463F6DB}.Release|Any CPU.Build.0 = Release|Any CPU
	EndGlobalSection
	GlobalSection(SolutionProperties) = preSolution
		HideSolutionNode = FALSE
	EndGlobalSection
	GlobalSection(ExtensibilityGlobals) = postSolution
		SolutionGuid = {54B03EEF-17E4-498D-80F4-C42CA55EBD20}
	EndGlobalSection
EndGlobal
